<?xml version="1.0" encoding="utf-8"?>
<Project ToolsVersion="4.0" xmlns="http://schemas.microsoft.com/developer/msbuild/2003">
  <ItemGroup>
    <ClCompile Include="BaseBallBat.cpp" />
    <ClCompile Include="CircularBuffer.cpp" />
    <ClCompile Include="Component.cpp" />
    <ClCompile Include="DirectXMathHelper.cpp" />
    <ClCompile Include="Item.cpp" />
    <ClCompile Include="PhysicsComponent.cpp" />
    <ClCompile Include="PhysicsWorld.cpp" />
    <ClCompile Include="Player.cpp" />
    <ClCompile Include="RandomizeSpawn.cpp" />
    <ClCompile Include="Server.cpp" />
    <ClCompile Include="GameObject.cpp" />
    <ClCompile Include="ServerGravField.cpp" />
    <ClCompile Include="ServerPlanet.cpp" />
    <ClCompile Include="SpawnComponent.cpp" />
    <ClCompile Include="TestObj.cpp" />
    <ClCompile Include="Grenade.cpp" />
    <ClCompile Include="Potion.cpp" />
    <ClCompile Include="KingOfTheHillMiniGame.cpp" />
    <ClCompile Include="BaseballBat.cpp" />
    <ClCompile Include="GetPlayerData.cpp" />
  </ItemGroup>
  <ItemGroup>
    <ClInclude Include="BaseBallBat.h" />
    <ClInclude Include="CircularBuffer.h" />
    <ClInclude Include="Component.h" />
    <ClInclude Include="DirectXMathHelper.h" />
    <ClInclude Include="GameObject.h" />
    <ClInclude Include="Item.h" />
    <ClInclude Include="ObjectId.h" />
    <ClInclude Include="PacketEnum.h" />
    <ClInclude Include="Packethandler.h" />
    <ClInclude Include="PacketsDataTypes.h" />
    <ClInclude Include="PhysicsComponent.h" />
    <ClInclude Include="PhysicsWorld.h" />
    <ClInclude Include="Player.h" />
    <ClInclude Include="RandomizeSpawn.h" />
    <ClInclude Include="ServerGravField.h" />
    <ClInclude Include="ServerPlanet.h" />
    <ClInclude Include="SpawnComponent.h" />
    <ClInclude Include="TestObj.h" />
    <ClInclude Include="TimeStruct.h" />
    <ClInclude Include="Grenade.h" />
    <ClInclude Include="Potion.h" />
    <ClInclude Include="KingOfTheHillMiniGame.h" />
    <ClInclude Include="sendDataFunctions.h" />
    <ClInclude Include="GetPlayerData.h" />
  </ItemGroup>
</Project>