<?xml version="1.0" encoding="utf-8"?>
<Project ToolsVersion="4.0" xmlns="http://schemas.microsoft.com/developer/msbuild/2003">
  <ItemGroup>
    <ClCompile Include="main.cpp" />
    <ClCompile Include="ImGui\imgui.cpp">
      <Filter>ImGui</Filter>
    </ClCompile>
    <ClCompile Include="ImGui\imgui_demo.cpp">
      <Filter>ImGui</Filter>
    </ClCompile>
    <ClCompile Include="ImGui\imgui_draw.cpp">
      <Filter>ImGui</Filter>
    </ClCompile>
    <ClCompile Include="ImGui\imgui_impl_dx11.cpp">
      <Filter>ImGui</Filter>
    </ClCompile>
    <ClCompile Include="ImGui\imgui_impl_win32.cpp">
      <Filter>ImGui</Filter>
    </ClCompile>
    <ClCompile Include="ImGui\imgui_tables.cpp">
      <Filter>ImGui</Filter>
    </ClCompile>
    <ClCompile Include="ImGui\imgui_widgets.cpp">
      <Filter>ImGui</Filter>
    </ClCompile>
    <ClCompile Include="PhysicsWorld.cpp">
      <Filter>Physics</Filter>
    </ClCompile>
    <ClCompile Include="PhysicsComponent.cpp">
      <Filter>Physics</Filter>
    </ClCompile>
    <ClCompile Include="GameObject.cpp">
      <Filter>GameObjects</Filter>
    </ClCompile>
    <ClCompile Include="Game.cpp">
      <Filter>Game-States</Filter>
    </ClCompile>
    <ClCompile Include="ImGuiHelper.cpp">
      <Filter>ImGui</Filter>
    </ClCompile>
    <ClCompile Include="MouseEvent.cpp">
      <Filter>MouseClass</Filter>
    </ClCompile>
    <ClCompile Include="Menu.cpp">
      <Filter>Game-States</Filter>
    </ClCompile>
    <ClCompile Include="State.cpp">
      <Filter>Game-States</Filter>
    </ClCompile>
    <ClCompile Include="GravityField.cpp">
      <Filter>Physics</Filter>
    </ClCompile>
    <ClCompile Include="Potion.cpp">
      <Filter>GameObjects</Filter>
    </ClCompile>
    <ClCompile Include="Player.cpp">
      <Filter>GameObjects</Filter>
    </ClCompile>
    <ClCompile Include="Item.cpp">
      <Filter>GameObjects</Filter>
    </ClCompile>
    <ClCompile Include="DirectXMathHelper.cpp">
      <Filter>Handler/Helpers</Filter>
    </ClCompile>
    <ClCompile Include="D3D11Helper.cpp">
      <Filter>Handler/Helpers</Filter>
    </ClCompile>
    <ClCompile Include="GUISprite.cpp">
      <Filter>GUI</Filter>
    </ClCompile>
    <ClCompile Include="GUIText.cpp">
      <Filter>GUI</Filter>
    </ClCompile>
    <ClCompile Include="ErrorLog.cpp">
      <Filter>Handler/Helpers</Filter>
    </ClCompile>
    <ClCompile Include="WindowHelper.cpp">
      <Filter>Handler/Helpers</Filter>
    </ClCompile>
    <ClCompile Include="SettingsUI.cpp">
      <Filter>GUI</Filter>
    </ClCompile>
    <ClCompile Include="ShaderLoader.cpp">
      <Filter>Handler/Helpers</Filter>
    </ClCompile>
    <ClCompile Include="Light.cpp">
      <Filter>Lights</Filter>
    </ClCompile>
    <ClCompile Include="LightHandler.cpp">
      <Filter>Lights</Filter>
    </ClCompile>
    <ClCompile Include="Texture.cpp">
      <Filter>DirectX11</Filter>
    </ClCompile>
    <ClCompile Include="BasicRenderer.cpp">
      <Filter>Rendering</Filter>
    </ClCompile>
    <ClCompile Include="DXUtil.cpp">
      <Filter>Structs</Filter>
    </ClCompile>
    <ClCompile Include="Camera.cpp">
      <Filter>User</Filter>
    </ClCompile>
    <ClCompile Include="ParticleEmitter.cpp">
      <Filter>Particles</Filter>
    </ClCompile>
    <ClCompile Include="CreditsMenu.cpp">
      <Filter>Game-States</Filter>
    </ClCompile>
    <ClCompile Include="SettingsMenu.cpp">
      <Filter>Game-States</Filter>
    </ClCompile>
    <ClCompile Include="stdafx.cpp" />
    <ClCompile Include="SkyboxObj.cpp">
      <Filter>Skybox</Filter>
    </ClCompile>
    <ClCompile Include="PlayerVectors.cpp" />
    <ClCompile Include="SpaceShip.cpp">
      <Filter>GameObjects</Filter>
    </ClCompile>
    <ClCompile Include="MouseClass.cpp" />
    <ClCompile Include="BaseballBat.cpp">
      <Filter>GameObjects</Filter>
    </ClCompile>
    <ClCompile Include="BilboardObject.cpp">
      <Filter>Particles</Filter>
    </ClCompile>
    <ClCompile Include="WinMenu.cpp">
      <Filter>Game-States</Filter>
    </ClCompile>
    <ClCompile Include="WinUI.cpp">
      <Filter>GUI</Filter>
    </ClCompile>
    <ClCompile Include="HudUI.cpp">
      <Filter>GUI</Filter>
    </ClCompile>
    <ClCompile Include="Grenade.cpp">
      <Filter>GameObjects</Filter>
    </ClCompile>
    <ClCompile Include="Component.cpp">
      <Filter>GameObjects</Filter>
    </ClCompile>
    <ClCompile Include="MenuUI.cpp">
      <Filter>GUI</Filter>
    </ClCompile>
    <ClCompile Include="LoseUI.cpp">
      <Filter>GUI</Filter>
    </ClCompile>
    <ClCompile Include="LoseMenu.cpp">
      <Filter>Game-States</Filter>
    </ClCompile>
    <ClCompile Include="Asteroid.cpp" />
    <ClCompile Include="AsteroidHandler.cpp" />
    <ClCompile Include="Arrow.cpp" />
    <ClCompile Include="PlanetGenerator.cpp" />
    <ClCompile Include="Planet.cpp" />
    <ClCompile Include="Credits.cpp">
      <Filter>GUI</Filter>
    </ClCompile>
    <ClCompile Include="CircularBufferClient.cpp" />
    <ClCompile Include="Client.cpp" />
    <ClCompile Include="Profiler.cpp" />
    <ClCompile Include="PacketEventManager.cpp">
      <Filter>Online</Filter>
    </ClCompile>
    <ClCompile Include="SendingDataEvent.cpp">
      <Filter>Online</Filter>
    </ClCompile>
    <ClCompile Include="Client.cpp">
      <Filter>Online</Filter>
    </ClCompile>
    <ClCompile Include="ClientHandler.cpp">
      <Filter>Online</Filter>
    </ClCompile>
    <ClCompile Include="CircularBufferClient.cpp">
      <Filter>Online</Filter>
    </ClCompile>
    <ClCompile Include="ControlMenu.cpp" />
    <ClCompile Include="ControlUI.cpp" />
    <ClCompile Include="LandingHud.cpp" />
    <ClCompile Include="PacketEventManager.cpp">
      <Filter>Online</Filter>
    </ClCompile>
    <ClCompile Include="ModelDataContainer.cpp" />
    <ClCompile Include="ModelManager.cpp" />
    <ClCompile Include="AnimatedMesh.cpp" />
    <ClCompile Include="CaptureZone.cpp" />
    <ClCompile Include="Lobby.cpp">
      <Filter>Game-States</Filter>
    </ClCompile>
    <ClCompile Include="LobbyUI.cpp">
      <Filter>Game-States</Filter>
    </ClCompile>
    <ClCompile Include="MiniGameUI.cpp" />
    <ClCompile Include="InputIP.cpp">
      <Filter>Game-States</Filter>
    </ClCompile>
    <ClCompile Include="InputIPUI.cpp">
      <Filter>GUI</Filter>
    </ClCompile>
    <ClCompile Include="HazardBox.cpp" />
    <ClCompile Include="ExitUI.cpp">
      <Filter>GUI</Filter>
    </ClCompile>
  </ItemGroup>
  <ItemGroup>
    <ClInclude Include="ImGui\imgui.h">
      <Filter>ImGui</Filter>
    </ClInclude>
    <ClInclude Include="ImGui\imgui_impl_dx11.h">
      <Filter>ImGui</Filter>
    </ClInclude>
    <ClInclude Include="ImGui\imgui_impl_win32.h">
      <Filter>ImGui</Filter>
    </ClInclude>
    <ClInclude Include="ImGui\imgui_internal.h">
      <Filter>ImGui</Filter>
    </ClInclude>
    <ClInclude Include="stb_image.h">
      <Filter>stb_image</Filter>
    </ClInclude>
    <ClInclude Include="stb_image_resize.h">
      <Filter>stb_image</Filter>
    </ClInclude>
    <ClInclude Include="stb_image_write.h">
      <Filter>stb_image</Filter>
    </ClInclude>
    <ClInclude Include="ImGui\imstb_rectpack.h">
      <Filter>ImGui</Filter>
    </ClInclude>
    <ClInclude Include="ImGui\imstb_textedit.h">
      <Filter>ImGui</Filter>
    </ClInclude>
    <ClInclude Include="ImGui\imstb_truetype.h">
      <Filter>ImGui</Filter>
    </ClInclude>
    <ClInclude Include="BufferTypes.h" />
    <ClInclude Include="PhysicsWorld.h">
      <Filter>Physics</Filter>
    </ClInclude>
    <ClInclude Include="PhysicsComponent.h">
      <Filter>Physics</Filter>
    </ClInclude>
    <ClInclude Include="GameObject.h">
      <Filter>GameObjects</Filter>
    </ClInclude>
    <ClInclude Include="Game.h">
      <Filter>Game-States</Filter>
    </ClInclude>
    <ClInclude Include="ImGuiHelper.h">
      <Filter>ImGui</Filter>
    </ClInclude>
    <ClInclude Include="MouseEvent.h">
      <Filter>MouseClass</Filter>
    </ClInclude>
    <ClInclude Include="Menu.h">
      <Filter>Game-States</Filter>
    </ClInclude>
    <ClInclude Include="State.h">
      <Filter>Game-States</Filter>
    </ClInclude>
    <ClInclude Include="GravityField.h">
      <Filter>Physics</Filter>
    </ClInclude>
    <ClInclude Include="Potion.h">
      <Filter>GameObjects</Filter>
    </ClInclude>
    <ClInclude Include="Player.h">
      <Filter>GameObjects</Filter>
    </ClInclude>
    <ClInclude Include="Item.h">
      <Filter>GameObjects</Filter>
    </ClInclude>
    <ClInclude Include="DirectXMathHelper.h">
      <Filter>Handler/Helpers</Filter>
    </ClInclude>
    <ClInclude Include="D3D11Helper.h">
      <Filter>Handler/Helpers</Filter>
    </ClInclude>
    <ClInclude Include="GUIObject.h">
      <Filter>GUI</Filter>
    </ClInclude>
    <ClInclude Include="GUISprite.h">
      <Filter>GUI</Filter>
    </ClInclude>
    <ClInclude Include="GUIText.h">
      <Filter>GUI</Filter>
    </ClInclude>
    <ClInclude Include="Console.h">
      <Filter>Handler/Helpers</Filter>
    </ClInclude>
    <ClInclude Include="ErrorLog.h">
      <Filter>Handler/Helpers</Filter>
    </ClInclude>
    <ClInclude Include="WindowHelper.h">
      <Filter>Handler/Helpers</Filter>
    </ClInclude>
    <ClInclude Include="SettingsUI.h">
      <Filter>GUI</Filter>
    </ClInclude>
    <ClInclude Include="Buffer.h">
      <Filter>DirectX11</Filter>
    </ClInclude>
    <ClInclude Include="BufferTypes.h">
      <Filter>DirectX11</Filter>
    </ClInclude>
    <ClInclude Include="ConstantBuffer.h">
      <Filter>DirectX11</Filter>
    </ClInclude>
    <ClInclude Include="ConstantBufferNew.h">
      <Filter>DirectX11</Filter>
    </ClInclude>
    <ClInclude Include="DepthStencilState.h">
      <Filter>DirectX11</Filter>
    </ClInclude>
    <ClInclude Include="DepthStencilView.h">
      <Filter>DirectX11</Filter>
    </ClInclude>
    <ClInclude Include="IndexBuffer.h">
      <Filter>DirectX11</Filter>
    </ClInclude>
    <ClInclude Include="RasterizerState.h">
      <Filter>DirectX11</Filter>
    </ClInclude>
    <ClInclude Include="RenderTargetView.h">
      <Filter>DirectX11</Filter>
    </ClInclude>
    <ClInclude Include="SamplerState.h">
      <Filter>DirectX11</Filter>
    </ClInclude>
    <ClInclude Include="Topology.h">
      <Filter>DirectX11</Filter>
    </ClInclude>
    <ClInclude Include="VertexBuffer.h">
      <Filter>DirectX11</Filter>
    </ClInclude>
    <ClInclude Include="UnorderedAccessView.h">
      <Filter>DirectX11</Filter>
    </ClInclude>
    <ClInclude Include="ViewPort.h">
      <Filter>DirectX11</Filter>
    </ClInclude>
    <ClInclude Include="ShaderLoader.h">
      <Filter>Handler/Helpers</Filter>
    </ClInclude>
    <ClInclude Include="Light.h">
      <Filter>Lights</Filter>
    </ClInclude>
    <ClInclude Include="LightHandler.h">
      <Filter>Lights</Filter>
    </ClInclude>
    <ClInclude Include="ShaderResourceTexture.h">
      <Filter>DirectX11</Filter>
    </ClInclude>
    <ClInclude Include="ShaderResourceView.h">
      <Filter>DirectX11</Filter>
    </ClInclude>
    <ClInclude Include="BlendState.h">
      <Filter>Structs</Filter>
    </ClInclude>
    <ClInclude Include="Bound.h">
      <Filter>Structs</Filter>
    </ClInclude>
    <ClInclude Include="DXUtil.h">
      <Filter>Structs</Filter>
    </ClInclude>
    <ClInclude Include="GPU.h">
      <Filter>Structs</Filter>
    </ClInclude>
    <ClInclude Include="ImGui\imconfig.h">
      <Filter>Structs</Filter>
    </ClInclude>
    <ClInclude Include="Input.h">
      <Filter>Structs</Filter>
    </ClInclude>
    <ClInclude Include="MaterialLibrary.h">
      <Filter>Structs</Filter>
    </ClInclude>
    <ClInclude Include="MemoryLeackChecker.h">
      <Filter>Structs</Filter>
    </ClInclude>
    <ClInclude Include="Mesh.h">
      <Filter>Structs</Filter>
    </ClInclude>
    <ClInclude Include="MTL.h">
      <Filter>Structs</Filter>
    </ClInclude>
    <ClInclude Include="OBJ.h">
      <Filter>Structs</Filter>
    </ClInclude>
    <ClInclude Include="PerspectiveCamera.h">
      <Filter>Structs</Filter>
    </ClInclude>
    <ClInclude Include="resource.h">
      <Filter>Structs</Filter>
    </ClInclude>
    <ClInclude Include="Sound.h">
      <Filter>Structs</Filter>
    </ClInclude>
    <ClInclude Include="SoundCollection.h">
      <Filter>Structs</Filter>
    </ClInclude>
    <ClInclude Include="StructuredBuffer.h">
      <Filter>Structs</Filter>
    </ClInclude>
    <ClInclude Include="TimeStruct.h">
      <Filter>Structs</Filter>
    </ClInclude>
    <ClInclude Include="Vertex.h">
      <Filter>Structs</Filter>
    </ClInclude>
    <ClInclude Include="Texture.h">
      <Filter>DirectX11</Filter>
    </ClInclude>
    <ClInclude Include="BasicRenderer.h">
      <Filter>Rendering</Filter>
    </ClInclude>
    <ClInclude Include="Camera.h">
      <Filter>User</Filter>
    </ClInclude>
    <ClInclude Include="ParticleEmitter.h">
      <Filter>Particles</Filter>
    </ClInclude>
    <ClInclude Include="GameInclude.h" />
    <ClInclude Include="CreditsMenu.h">
      <Filter>Game-States</Filter>
    </ClInclude>
    <ClInclude Include="SettingsMenu.h">
      <Filter>Game-States</Filter>
    </ClInclude>
    <ClInclude Include="stdafx.h" />
    <ClInclude Include="SkyboxObj.h">
      <Filter>Skybox</Filter>
    </ClInclude>
    <ClInclude Include="PlayerVectors.h" />
    <ClInclude Include="SpaceShip.h">
      <Filter>GameObjects</Filter>
    </ClInclude>
    <ClInclude Include="BaseballBat.h" />
    <ClInclude Include="Component.h" />
    <ClInclude Include="ClientHandler.h" />
    <ClInclude Include="MouseClass.h" />
    <ClInclude Include="BaseballBat.h">
      <Filter>GameObjects</Filter>
    </ClInclude>
    <ClInclude Include="BilboardObject.h">
      <Filter>Particles</Filter>
    </ClInclude>
    <ClInclude Include="WinMenu.h">
      <Filter>Game-States</Filter>
    </ClInclude>
    <ClInclude Include="WinUI.h">
      <Filter>GUI</Filter>
    </ClInclude>
    <ClInclude Include="HudUI.h">
      <Filter>GUI</Filter>
    </ClInclude>
    <ClInclude Include="Grenade.h">
      <Filter>GameObjects</Filter>
    </ClInclude>
    <ClInclude Include="Component.h">
      <Filter>GameObjects</Filter>
    </ClInclude>
    <ClInclude Include="MenuUI.h">
      <Filter>GUI</Filter>
    </ClInclude>
    <ClInclude Include="LoseUI.h">
      <Filter>GUI</Filter>
    </ClInclude>
    <ClInclude Include="LoseMenu.h">
      <Filter>Game-States</Filter>
    </ClInclude>
    <ClInclude Include="Profiler.h" />
    <ClInclude Include="Client.h">
      <Filter>Online</Filter>
    </ClInclude>
    <ClInclude Include="CircularBufferClient.h">
      <Filter>Online</Filter>
    </ClInclude>
    <ClInclude Include="PacketEventManager.h">
      <Filter>Online</Filter>
    </ClInclude>
    <ClInclude Include="PacketsDataTypes.h">
      <Filter>Online</Filter>
    </ClInclude>
    <ClInclude Include="SendingDataEvent.h">
      <Filter>Online</Filter>
    </ClInclude>
    <ClInclude Include="PacketEnum.h">
      <Filter>Online</Filter>
    </ClInclude>
    <ClInclude Include="Asteroid.h" />
    <ClInclude Include="AsteroidHandler.h" />
    <ClInclude Include="Arrow.h" />
    <ClInclude Include="Credits.h" />
    <ClInclude Include="Planet.h" />
    <ClInclude Include="PlanetGenerator.h" />
    <ClInclude Include="CaptureZone.h">
      <Filter>GameObjects</Filter>
    </ClInclude>
    <ClInclude Include="SoundLibrary.h" />
    <ClInclude Include="ControlMenu.h" />
    <ClInclude Include="ControlUI.h" />
    <ClInclude Include="LandingHud.h" />
    <ClInclude Include="AnimatedMesh.h" />
    <ClInclude Include="ModelDataContainer.h" />
    <ClInclude Include="ModelManager.h" />
    <ClInclude Include="Lobby.h">
      <Filter>Game-States</Filter>
    </ClInclude>
    <ClInclude Include="LobbyUI.h">
      <Filter>Game-States</Filter>
    </ClInclude>
    <ClInclude Include="MiniGameUI.h" />
    <ClInclude Include="Time.h" />
    <ClInclude Include="InputIP.h">
      <Filter>Game-States</Filter>
    </ClInclude>
    <ClInclude Include="InputIPUI.h">
      <Filter>GUI</Filter>
    </ClInclude>
    <ClInclude Include="HazardBox.h" />
    <ClInclude Include="ExitUI.h">
      <Filter>GUI</Filter>
    </ClInclude>
  </ItemGroup>
  <ItemGroup>
    <ResourceCompile Include="StortSpelProjekt.rc" />
  </ItemGroup>
  <ItemGroup>
    <Filter Include="ImGui">
      <UniqueIdentifier>{2920180e-767b-41b0-b5d4-b8291c9b66f9}</UniqueIdentifier>
    </Filter>
    <Filter Include="stb_image">
      <UniqueIdentifier>{04645332-69e8-44a7-93c1-88dd530212f4}</UniqueIdentifier>
    </Filter>
    <Filter Include="Physics">
      <UniqueIdentifier>{49297479-471c-4cc8-85a3-c150d3eb66a3}</UniqueIdentifier>
    </Filter>
    <Filter Include="GameObjects">
      <UniqueIdentifier>{2e2e4dc7-3936-4221-8f24-81775a0b84ea}</UniqueIdentifier>
    </Filter>
    <Filter Include="Game-States">
      <UniqueIdentifier>{f3dfddc5-031d-40f6-bfbe-372117da74f7}</UniqueIdentifier>
    </Filter>
    <Filter Include="MouseClass">
      <UniqueIdentifier>{7e39fc3d-95b3-4fc2-a175-117077aa7e81}</UniqueIdentifier>
    </Filter>
    <Filter Include="Handler/Helpers">
      <UniqueIdentifier>{8e133564-ce19-43a1-a21c-65fe6a5ef6d9}</UniqueIdentifier>
    </Filter>
    <Filter Include="GUI">
      <UniqueIdentifier>{ba1312b9-5986-4d0e-a6e2-ae28fc80e00e}</UniqueIdentifier>
    </Filter>
    <Filter Include="DirectX11">
      <UniqueIdentifier>{388cb123-b739-4995-adab-63eca035db5d}</UniqueIdentifier>
    </Filter>
    <Filter Include="Lights">
      <UniqueIdentifier>{5ac107c2-9c81-4d3c-9102-f085b24bc5f5}</UniqueIdentifier>
    </Filter>
    <Filter Include="Structs">
      <UniqueIdentifier>{3aba2d8d-cef0-41b4-84b7-330cf2d5afe5}</UniqueIdentifier>
    </Filter>
    <Filter Include="Shaders">
      <UniqueIdentifier>{0d927e0c-f975-4e10-8167-ce4ea5de783c}</UniqueIdentifier>
    </Filter>
    <Filter Include="Rendering">
      <UniqueIdentifier>{258d0a52-de7c-4429-a9dc-bd8e21ba47bf}</UniqueIdentifier>
    </Filter>
    <Filter Include="User">
      <UniqueIdentifier>{ecab4726-7e3a-4e25-9b94-e03ac70687bf}</UniqueIdentifier>
    </Filter>
    <Filter Include="Particles">
      <UniqueIdentifier>{1fe17447-53de-446c-a837-95b1c590f2f3}</UniqueIdentifier>
    </Filter>
    <Filter Include="Skybox">
      <UniqueIdentifier>{62f9e9b5-3e39-45cd-8b93-d997529a61e0}</UniqueIdentifier>
    </Filter>
    <Filter Include="Online">
      <UniqueIdentifier>{8dc99f62-6498-4f24-915a-6c0d232cf63d}</UniqueIdentifier>
    </Filter>
  </ItemGroup>
  <ItemGroup>
    <FxCompile Include="VertexShader.hlsl" />
    <FxCompile Include="PixelShader.hlsl" />
    <FxCompile Include="DebuggerPshader.hlsl">
      <Filter>Physics</Filter>
    </FxCompile>
    <FxCompile Include="PixelShader.hlsl">
      <Filter>Shaders</Filter>
    </FxCompile>
    <FxCompile Include="VertexShader.hlsl">
      <Filter>Shaders</Filter>
    </FxCompile>
    <FxCompile Include="PT_GeometryShader.hlsl">
      <Filter>Shaders</Filter>
    </FxCompile>
    <FxCompile Include="PT_PixelShader.hlsl">
      <Filter>Shaders</Filter>
    </FxCompile>
    <FxCompile Include="PT_UpdateShader.hlsl">
      <Filter>Shaders</Filter>
    </FxCompile>
    <FxCompile Include="PT_VertexShader.hlsl">
      <Filter>Shaders</Filter>
    </FxCompile>
    <FxCompile Include="Skybox_PS.hlsl">
      <Filter>Shaders</Filter>
    </FxCompile>
    <FxCompile Include="Skybox_VS.hlsl">
      <Filter>Shaders</Filter>
    </FxCompile>
    <FxCompile Include="AmbientPixelShader.hlsl">
      <Filter>Shaders</Filter>
    </FxCompile>
    <FxCompile Include="plaverVectorPixel.hlsl">
      <Filter>Shaders</Filter>
    </FxCompile>
    <FxCompile Include="playerVectorVertex.hlsl">
      <Filter>Shaders</Filter>
    </FxCompile>
    <FxCompile Include="Bilboard_GS.hlsl">
      <Filter>Shaders</Filter>
    </FxCompile>
    <FxCompile Include="Bilboard_PS.hlsl">
      <Filter>Shaders</Filter>
    </FxCompile>
    <FxCompile Include="Bilboard_VS.hlsl">
      <Filter>Shaders</Filter>
    </FxCompile>
    <FxCompile Include="Fresnel_PS.hlsl">
      <Filter>Shaders</Filter>
    </FxCompile>
    <FxCompile Include="InvFresnel_PS.hlsl">
      <Filter>Shaders</Filter>
    </FxCompile>
    <FxCompile Include="vShaderSkinning.hlsl">
      <Filter>Shaders</Filter>
    </FxCompile>
    <FxCompile Include="PixelShader_NoShadow.hlsl">
      <Filter>Shaders</Filter>
    </FxCompile>
    <FxCompile Include="NormalMap_PS.hlsl">
      <Filter>Shaders</Filter>
    </FxCompile>
    <FxCompile Include="NormalMap_VS.hlsl">
      <Filter>Shaders</Filter>
    </FxCompile>
    <FxCompile Include="NormalMap_VS2.hlsl">
      <Filter>Shaders</Filter>
    </FxCompile>
    <FxCompile Include="HullShader2.hlsl">
      <Filter>Shaders</Filter>
    </FxCompile>
    <FxCompile Include="HullShader.hlsl">
      <Filter>Shaders</Filter>
    </FxCompile>
    <FxCompile Include="DomainShader2.hlsl">
      <Filter>Shaders</Filter>
    </FxCompile>
    <FxCompile Include="DomainShader.hlsl">
      <Filter>Shaders</Filter>
    </FxCompile>
    <FxCompile Include="PostProcess.hlsl">
      <Filter>Shaders</Filter>
    </FxCompile>
    <FxCompile Include="PT_UpdatePlayer.hlsl">
      <Filter>Shaders</Filter>
    </FxCompile>
    <FxCompile Include="basic_VertexShader.hlsl">
      <Filter>Shaders</Filter>
    </FxCompile>
  </ItemGroup>
  <ItemGroup>
    <Image Include="icon.ico">
      <Filter>GUI</Filter>
    </Image>
  </ItemGroup>
  <ItemGroup>
    <None Include="Light.hlsli">
      <Filter>Shaders</Filter>
    </None>
    <None Include="Math.hlsli">
      <Filter>Game-States</Filter>
    </None>
  </ItemGroup>
</Project>